
Microsoft Visual Studio Solution File, Format Version 12.00
# Visual Studio Version 17
VisualStudioVersion = 17.7.34024.191
MinimumVisualStudioVersion = 10.0.40219.1
Project("{FAE04EC0-301F-11D3-BF4B-00C04F79EFBC}") = "ConsoleApps", "ConsoleApps.csproj", "{8C536CD1-2A4F-489E-A881-4A0274454A56}"
EndProject
Project("{FAE04EC0-301F-11D3-BF4B-00C04F79EFBC}") = "Client", "Client\Client.csproj", "{C3DE28BF-4DFD-4A8C-83CB-FBF3793CD12A}"
EndProject
Global
	GlobalSection(SolutionConfigurationPlatforms) = preSolution
		Debug|Any CPU = Debug|Any CPU
		Release|Any CPU = Release|Any CPU
	EndGlobalSection
	GlobalSection(ProjectConfigurationPlatforms) = postSolution
		{8C536CD1-2A4F-489E-A881-4A0274454A56}.Debug|Any CPU.ActiveCfg = Debug|Any CPU
		{8C536CD1-2A4F-489E-A881-4A0274454A56}.Debug|Any CPU.Build.0 = Debug|Any CPU
		{8C536CD1-2A4F-489E-A881-4A0274454A56}.Release|Any CPU.ActiveCfg = Release|Any CPU
		{8C536CD1-2A4F-489E-A881-4A0274454A56}.Release|Any CPU.Build.0 = Release|Any CPU
		{C3DE28BF-4DFD-4A8C-83CB-FBF3793CD12A}.Debug|Any CPU.ActiveCfg = Debug|Any CPU
		{C3DE28BF-4DFD-4A8C-83CB-FBF3793CD12A}.Debug|Any CPU.Build.0 = Debug|Any CPU
		{C3DE28BF-4DFD-4A8C-83CB-FBF3793CD12A}.Release|Any CPU.ActiveCfg = Release|Any CPU
		{C3DE28BF-4DFD-4A8C-83CB-FBF3793CD12A}.Release|Any CPU.Build.0 = Release|Any CPU
	EndGlobalSection
	GlobalSection(SolutionProperties) = preSolution
		HideSolutionNode = FALSE
	EndGlobalSection
	GlobalSection(ExtensibilityGlobals) = postSolution
		SolutionGuid = {335EF0E9-97BA-4098-AFC5-B251F3454162}
	EndGlobalSection
EndGlobal
